
Microsoft Visual Studio Solution File, Format Version 12.00
# Visual Studio Version 17
VisualStudioVersion = 17.8.34408.163
MinimumVisualStudioVersion = 10.0.40219.1
Project("{9A19103F-16F7-4668-BE54-9A1E7A4F7556}") = "BarnesAndNoble", "BarnesAndNoble\BarnesAndNoble.csproj", "{81425BF1-AC60-4731-9949-7427E774CE3B}"
EndProject
Project("{9A19103F-16F7-4668-BE54-9A1E7A4F7556}") = "BookStore", "BookStore\BookStore\BookStore.csproj", "{D01A02DF-67EB-4113-8937-15B80A1E4360}"
EndProject
Global
	GlobalSection(SolutionConfigurationPlatforms) = preSolution
		Debug|Any CPU = Debug|Any CPU
		Release|Any CPU = Release|Any CPU
	EndGlobalSection
	GlobalSection(ProjectConfigurationPlatforms) = postSolution
		{81425BF1-AC60-4731-9949-7427E774CE3B}.Debug|Any CPU.ActiveCfg = Debug|Any CPU
		{81425BF1-AC60-4731-9949-7427E774CE3B}.Debug|Any CPU.Build.0 = Debug|Any CPU
		{81425BF1-AC60-4731-9949-7427E774CE3B}.Release|Any CPU.ActiveCfg = Release|Any CPU
		{81425BF1-AC60-4731-9949-7427E774CE3B}.Release|Any CPU.Build.0 = Release|Any CPU
		{D01A02DF-67EB-4113-8937-15B80A1E4360}.Debug|Any CPU.ActiveCfg = Debug|Any CPU
		{D01A02DF-67EB-4113-8937-15B80A1E4360}.Debug|Any CPU.Build.0 = Debug|Any CPU
		{D01A02DF-67EB-4113-8937-15B80A1E4360}.Release|Any CPU.ActiveCfg = Release|Any CPU
		{D01A02DF-67EB-4113-8937-15B80A1E4360}.Release|Any CPU.Build.0 = Release|Any CPU
	EndGlobalSection
	GlobalSection(SolutionProperties) = preSolution
		HideSolutionNode = FALSE
	EndGlobalSection
	GlobalSection(ExtensibilityGlobals) = postSolution
		SolutionGuid = {AD4A0ECB-7742-40FD-984E-E81BDE27764B}
	EndGlobalSection
EndGlobal
